{
  "name": "scripts",
  "version": "1.0.0",
  "lockfileVersion": 2,
  "requires": true,
  "packages": {
    "": {
      "name": "scripts",
      "version": "1.0.0",
      "license": "ISC",
      "dependencies": {
        "clear": "^0.1.0",
        "configstore": "^7.0.0",
        "ini": "^5.0.0",
        "inquirer": "^12.3.0",
        "moment": "^2.30.1",
        "mustache": "^4.2.0",
        "underscore": "^1.13.7",
        "yaml": "^2.6.1",
        "zx": "^8.3.0"
      }
    },
    "node_modules/@inquirer/checkbox": {
      "version": "4.0.4",
      "resolved": "https://registry.npmjs.org/@inquirer/checkbox/-/checkbox-4.0.4.tgz",
      "integrity": "sha512-fYAKCAcGNMdfjL6hZTRUwkIByQ8EIZCXKrIQZH7XjADnN/xvRUhj8UdBbpC4zoUzvChhkSC/zRKaP/tDs3dZpg==",
      "dependencies": {
        "@inquirer/core": "^10.1.2",
        "@inquirer/figures": "^1.0.9",
        "@inquirer/type": "^3.0.2",
        "ansi-escapes": "^4.3.2",
        "yoctocolors-cjs": "^2.1.2"
      },
      "engines": {
        "node": ">=18"
      },
      "peerDependencies": {
        "@types/node": ">=18"
      }
    },
    "node_modules/@inquirer/confirm": {
      "version": "5.1.1",
      "resolved": "https://registry.npmjs.org/@inquirer/confirm/-/confirm-5.1.1.tgz",
      "integrity": "sha512-vVLSbGci+IKQvDOtzpPTCOiEJCNidHcAq9JYVoWTW0svb5FiwSLotkM+JXNXejfjnzVYV9n0DTBythl9+XgTxg==",
      "dependencies": {
        "@inquirer/core": "^10.1.2",
        "@inquirer/type": "^3.0.2"
      },
      "engines": {
        "node": ">=18"
      },
      "peerDependencies": {
        "@types/node": ">=18"
      }
    },
    "node_modules/@inquirer/core": {
      "version": "10.1.2",
      "resolved": "https://registry.npmjs.org/@inquirer/core/-/core-10.1.2.tgz",
      "integrity": "sha512-bHd96F3ezHg1mf/J0Rb4CV8ndCN0v28kUlrHqP7+ECm1C/A+paB7Xh2lbMk6x+kweQC+rZOxM/YeKikzxco8bQ==",
      "dependencies": {
        "@inquirer/figures": "^1.0.9",
        "@inquirer/type": "^3.0.2",
        "ansi-escapes": "^4.3.2",
        "cli-width": "^4.1.0",
        "mute-stream": "^2.0.0",
        "signal-exit": "^4.1.0",
        "strip-ansi": "^6.0.1",
        "wrap-ansi": "^6.2.0",
        "yoctocolors-cjs": "^2.1.2"
      },
      "engines": {
        "node": ">=18"
      }
    },
    "node_modules/@inquirer/editor": {
      "version": "4.2.1",
      "resolved": "https://registry.npmjs.org/@inquirer/editor/-/editor-4.2.1.tgz",
      "integrity": "sha512-xn9aDaiP6nFa432i68JCaL302FyL6y/6EG97nAtfIPnWZ+mWPgCMLGc4XZ2QQMsZtu9q3Jd5AzBPjXh10aX9kA==",
      "dependencies": {
        "@inquirer/core": "^10.1.2",
        "@inquirer/type": "^3.0.2",
        "external-editor": "^3.1.0"
      },
      "engines": {
        "node": ">=18"
      },
      "peerDependencies": {
        "@types/node": ">=18"
      }
    },
    "node_modules/@inquirer/expand": {
      "version": "4.0.4",
      "resolved": "https://registry.npmjs.org/@inquirer/expand/-/expand-4.0.4.tgz",
      "integrity": "sha512-GYocr+BPyxKPxQ4UZyNMqZFSGKScSUc0Vk17II3J+0bDcgGsQm0KYQNooN1Q5iBfXsy3x/VWmHGh20QnzsaHwg==",
      "dependencies": {
        "@inquirer/core": "^10.1.2",
        "@inquirer/type": "^3.0.2",
        "yoctocolors-cjs": "^2.1.2"
      },
      "engines": {
        "node": ">=18"
      },
      "peerDependencies": {
        "@types/node": ">=18"
      }
    },
    "node_modules/@inquirer/figures": {
      "version": "1.0.9",
      "resolved": "https://registry.npmjs.org/@inquirer/figures/-/figures-1.0.9.tgz",
      "integrity": "sha512-BXvGj0ehzrngHTPTDqUoDT3NXL8U0RxUk2zJm2A66RhCEIWdtU1v6GuUqNAgArW4PQ9CinqIWyHdQgdwOj06zQ==",
      "engines": {
        "node": ">=18"
      }
    },
    "node_modules/@inquirer/input": {
      "version": "4.1.1",
      "resolved": "https://registry.npmjs.org/@inquirer/input/-/input-4.1.1.tgz",
      "integrity": "sha512-nAXAHQndZcXB+7CyjIW3XuQZZHbQQ0q8LX6miY6bqAWwDzNa9JUioDBYrFmOUNIsuF08o1WT/m2gbBXvBhYVxg==",
      "dependencies": {
        "@inquirer/core": "^10.1.2",
        "@inquirer/type": "^3.0.2"
      },
      "engines": {
        "node": ">=18"
      },
      "peerDependencies": {
        "@types/node": ">=18"
      }
    },
    "node_modules/@inquirer/number": {
      "version": "3.0.4",
      "resolved": "https://registry.npmjs.org/@inquirer/number/-/number-3.0.4.tgz",
      "integrity": "sha512-DX7a6IXRPU0j8kr2ovf+QaaDiIf+zEKaZVzCWdLOTk7XigqSXvoh4cul7x68xp54WTQrgSnW7P1WBJDbyY3GhA==",
      "dependencies": {
        "@inquirer/core": "^10.1.2",
        "@inquirer/type": "^3.0.2"
      },
      "engines": {
        "node": ">=18"
      },
      "peerDependencies": {
        "@types/node": ">=18"
      }
    },
    "node_modules/@inquirer/password": {
      "version": "4.0.4",
      "resolved": "https://registry.npmjs.org/@inquirer/password/-/password-4.0.4.tgz",
      "integrity": "sha512-wiliQOWdjM8FnBmdIHtQV2Ca3S1+tMBUerhyjkRCv1g+4jSvEweGu9GCcvVEgKDhTBT15nrxvk5/bVrGUqSs1w==",
      "dependencies": {
        "@inquirer/core": "^10.1.2",
        "@inquirer/type": "^3.0.2",
        "ansi-escapes": "^4.3.2"
      },
      "engines": {
        "node": ">=18"
      },
      "peerDependencies": {
        "@types/node": ">=18"
      }
    },
    "node_modules/@inquirer/prompts": {
      "version": "7.2.1",
      "resolved": "https://registry.npmjs.org/@inquirer/prompts/-/prompts-7.2.1.tgz",
      "integrity": "sha512-v2JSGri6/HXSfoGIwuKEn8sNCQK6nsB2BNpy2lSX6QH9bsECrMv93QHnj5+f+1ZWpF/VNioIV2B/PDox8EvGuQ==",
      "dependencies": {
        "@inquirer/checkbox": "^4.0.4",
        "@inquirer/confirm": "^5.1.1",
        "@inquirer/editor": "^4.2.1",
        "@inquirer/expand": "^4.0.4",
        "@inquirer/input": "^4.1.1",
        "@inquirer/number": "^3.0.4",
        "@inquirer/password": "^4.0.4",
        "@inquirer/rawlist": "^4.0.4",
        "@inquirer/search": "^3.0.4",
        "@inquirer/select": "^4.0.4"
      },
      "engines": {
        "node": ">=18"
      },
      "peerDependencies": {
        "@types/node": ">=18"
      }
    },
    "node_modules/@inquirer/rawlist": {
      "version": "4.0.4",
      "resolved": "https://registry.npmjs.org/@inquirer/rawlist/-/rawlist-4.0.4.tgz",
      "integrity": "sha512-IsVN2EZdNHsmFdKWx9HaXb8T/s3FlR/U1QPt9dwbSyPtjFbMTlW9CRFvnn0bm/QIsrMRD2oMZqrQpSWPQVbXXg==",
      "dependencies": {
        "@inquirer/core": "^10.1.2",
        "@inquirer/type": "^3.0.2",
        "yoctocolors-cjs": "^2.1.2"
      },
      "engines": {
        "node": ">=18"
      },
      "peerDependencies": {
        "@types/node": ">=18"
      }
    },
    "node_modules/@inquirer/search": {
      "version": "3.0.4",
      "resolved": "https://registry.npmjs.org/@inquirer/search/-/search-3.0.4.tgz",
      "integrity": "sha512-tSkJk2SDmC2MEdTIjknXWmCnmPr5owTs9/xjfa14ol1Oh95n6xW7SYn5fiPk4/vrJPys0ggSWiISdPze4LTa7A==",
      "dependencies": {
        "@inquirer/core": "^10.1.2",
        "@inquirer/figures": "^1.0.9",
        "@inquirer/type": "^3.0.2",
        "yoctocolors-cjs": "^2.1.2"
      },
      "engines": {
        "node": ">=18"
      },
      "peerDependencies": {
        "@types/node": ">=18"
      }
    },
    "node_modules/@inquirer/select": {
      "version": "4.0.4",
      "resolved": "https://registry.npmjs.org/@inquirer/select/-/select-4.0.4.tgz",
      "integrity": "sha512-ZzYLuLoUzTIW9EJm++jBpRiTshGqS3Q1o5qOEQqgzaBlmdsjQr6pA4TUNkwu6OBYgM2mIRbCz6mUhFDfl/GF+w==",
      "dependencies": {
        "@inquirer/core": "^10.1.2",
        "@inquirer/figures": "^1.0.9",
        "@inquirer/type": "^3.0.2",
        "ansi-escapes": "^4.3.2",
        "yoctocolors-cjs": "^2.1.2"
      },
      "engines": {
        "node": ">=18"
      },
      "peerDependencies": {
        "@types/node": ">=18"
      }
    },
    "node_modules/@inquirer/type": {
      "version": "3.0.2",
      "resolved": "https://registry.npmjs.org/@inquirer/type/-/type-3.0.2.tgz",
      "integrity": "sha512-ZhQ4TvhwHZF+lGhQ2O/rsjo80XoZR5/5qhOY3t6FJuX5XBg5Be8YzYTvaUGJnc12AUGI2nr4QSUE4PhKSigx7g==",
      "engines": {
        "node": ">=18"
      },
      "peerDependencies": {
        "@types/node": ">=18"
      }
    },
    "node_modules/@types/fs-extra": {
      "version": "11.0.4",
      "resolved": "https://registry.npmjs.org/@types/fs-extra/-/fs-extra-11.0.4.tgz",
      "integrity": "sha512-yTbItCNreRooED33qjunPthRcSjERP1r4MqCZc7wv0u2sUkzTFp45tgUfS5+r7FrZPdmCCNflLhVSP/o+SemsQ==",
      "optional": true,
      "dependencies": {
        "@types/jsonfile": "*",
        "@types/node": "*"
      }
    },
    "node_modules/@types/jsonfile": {
      "version": "6.1.4",
      "resolved": "https://registry.npmjs.org/@types/jsonfile/-/jsonfile-6.1.4.tgz",
      "integrity": "sha512-D5qGUYwjvnNNextdU59/+fI+spnwtTFmyQP0h+PfIOSkNfpU6AOICUOkm4i0OnSk+NyjdPJrxCDro0sJsWlRpQ==",
      "optional": true,
      "dependencies": {
        "@types/node": "*"
      }
    },
    "node_modules/@types/node": {
      "version": "22.10.2",
      "resolved": "https://registry.npmjs.org/@types/node/-/node-22.10.2.tgz",
      "integrity": "sha512-Xxr6BBRCAOQixvonOye19wnzyDiUtTeqldOOmj3CkeblonbccA12PFwlufvRdrpjXxqnmUaeiU5EOA+7s5diUQ==",
      "dependencies": {
        "undici-types": "~6.20.0"
      }
    },
    "node_modules/ansi-escapes": {
      "version": "4.3.2",
      "resolved": "https://registry.npmjs.org/ansi-escapes/-/ansi-escapes-4.3.2.tgz",
      "integrity": "sha512-gKXj5ALrKWQLsYG9jlTRmR/xKluxHV+Z9QEwNIgCfM1/uwPMCuzVVnh5mwTd+OuBZcwSIMbqssNWRm1lE51QaQ==",
      "dependencies": {
        "type-fest": "^0.21.3"
      },
      "engines": {
        "node": ">=8"
      },
      "funding": {
        "url": "https://github.com/sponsors/sindresorhus"
      }
    },
    "node_modules/ansi-escapes/node_modules/type-fest": {
      "version": "0.21.3",
      "resolved": "https://registry.npmjs.org/type-fest/-/type-fest-0.21.3.tgz",
      "integrity": "sha512-t0rzBq87m3fVcduHDUFhKmyyX+9eo6WQjZvf51Ea/M0Q7+T374Jp1aUiyUl0GKxp8M/OETVHSDvmkyPgvX+X2w==",
      "engines": {
        "node": ">=10"
      },
      "funding": {
        "url": "https://github.com/sponsors/sindresorhus"
      }
    },
    "node_modules/ansi-regex": {
      "version": "5.0.1",
      "resolved": "https://registry.npmjs.org/ansi-regex/-/ansi-regex-5.0.1.tgz",
      "integrity": "sha512-quJQXlTSUGL2LH9SUXo8VwsY4soanhgo6LNSm84E1LBcE8s3O0wpdiRzyR9z/ZZJMlMWv37qOOb9pdJlMUEKFQ==",
      "engines": {
        "node": ">=8"
      }
    },
    "node_modules/ansi-styles": {
      "version": "4.3.0",
      "resolved": "https://registry.npmjs.org/ansi-styles/-/ansi-styles-4.3.0.tgz",
      "integrity": "sha512-zbB9rCJAT1rbjiVDb2hqKFHNYLxgtk8NURxZ3IZwD3F6NtxbXZQCnnSi1Lkx+IDohdPlFp222wVALIheZJQSEg==",
      "dependencies": {
        "color-convert": "^2.0.1"
      },
      "engines": {
        "node": ">=8"
      },
      "funding": {
        "url": "https://github.com/chalk/ansi-styles?sponsor=1"
      }
    },
    "node_modules/atomically": {
      "version": "2.0.3",
      "resolved": "https://registry.npmjs.org/atomically/-/atomically-2.0.3.tgz",
      "integrity": "sha512-kU6FmrwZ3Lx7/7y3hPS5QnbJfaohcIul5fGqf7ok+4KklIEk9tJ0C2IQPdacSbVUWv6zVHXEBWoWd6NrVMT7Cw==",
      "dependencies": {
        "stubborn-fs": "^1.2.5",
        "when-exit": "^2.1.1"
      }
    },
    "node_modules/chardet": {
      "version": "0.7.0",
      "resolved": "https://registry.npmjs.org/chardet/-/chardet-0.7.0.tgz",
      "integrity": "sha512-mT8iDcrh03qDGRRmoA2hmBJnxpllMR+0/0qlzjqZES6NdiWDcZkCNAk4rPFZ9Q85r27unkiNNg8ZOiwZXBHwcA=="
    },
    "node_modules/clear": {
      "version": "0.1.0",
      "resolved": "https://registry.npmjs.org/clear/-/clear-0.1.0.tgz",
      "integrity": "sha512-qMjRnoL+JDPJHeLePZJuao6+8orzHMGP04A8CdwCNsKhRbOnKRjefxONR7bwILT3MHecxKBjHkKL/tkZ8r4Uzw==",
      "engines": {
        "node": "*"
      }
    },
    "node_modules/cli-width": {
      "version": "4.1.0",
      "resolved": "https://registry.npmjs.org/cli-width/-/cli-width-4.1.0.tgz",
      "integrity": "sha512-ouuZd4/dm2Sw5Gmqy6bGyNNNe1qt9RpmxveLSO7KcgsTnU7RXfsw+/bukWGo1abgBiMAic068rclZsO4IWmmxQ==",
      "engines": {
        "node": ">= 12"
      }
    },
    "node_modules/color-convert": {
      "version": "2.0.1",
      "resolved": "https://registry.npmjs.org/color-convert/-/color-convert-2.0.1.tgz",
      "integrity": "sha512-RRECPsj7iu/xb5oKYcsFHSppFNnsj/52OVTRKb4zP5onXwVF3zVmmToNcOfGC+CRDpfK/U584fMg38ZHCaElKQ==",
      "dependencies": {
        "color-name": "~1.1.4"
      },
      "engines": {
        "node": ">=7.0.0"
      }
    },
    "node_modules/color-name": {
      "version": "1.1.4",
      "resolved": "https://registry.npmjs.org/color-name/-/color-name-1.1.4.tgz",
      "integrity": "sha512-dOy+3AuW3a2wNbZHIuMZpTcgjGuLU/uBL/ubcZF9OXbDo8ff4O8yVp5Bf0efS8uEoYo5q4Fx7dY9OgQGXgAsQA=="
    },
    "node_modules/configstore": {
      "version": "7.0.0",
      "resolved": "https://registry.npmjs.org/configstore/-/configstore-7.0.0.tgz",
      "integrity": "sha512-yk7/5PN5im4qwz0WFZW3PXnzHgPu9mX29Y8uZ3aefe2lBPC1FYttWZRcaW9fKkT0pBCJyuQ2HfbmPVaODi9jcQ==",
      "dependencies": {
        "atomically": "^2.0.3",
        "dot-prop": "^9.0.0",
        "graceful-fs": "^4.2.11",
        "xdg-basedir": "^5.1.0"
      },
      "engines": {
        "node": ">=18"
      },
      "funding": {
        "url": "https://github.com/yeoman/configstore?sponsor=1"
      }
    },
    "node_modules/dot-prop": {
      "version": "9.0.0",
      "resolved": "https://registry.npmjs.org/dot-prop/-/dot-prop-9.0.0.tgz",
      "integrity": "sha512-1gxPBJpI/pcjQhKgIU91II6Wkay+dLcN3M6rf2uwP8hRur3HtQXjVrdAK3sjC0piaEuxzMwjXChcETiJl47lAQ==",
      "dependencies": {
        "type-fest": "^4.18.2"
      },
      "engines": {
        "node": ">=18"
      },
      "funding": {
        "url": "https://github.com/sponsors/sindresorhus"
      }
    },
    "node_modules/emoji-regex": {
      "version": "8.0.0",
      "resolved": "https://registry.npmjs.org/emoji-regex/-/emoji-regex-8.0.0.tgz",
      "integrity": "sha512-MSjYzcWNOA0ewAHpz0MxpYFvwg6yjy1NG3xteoqz644VCo/RPgnr1/GGt+ic3iJTzQ8Eu3TdM14SawnVUmGE6A=="
    },
    "node_modules/external-editor": {
      "version": "3.1.0",
      "resolved": "https://registry.npmjs.org/external-editor/-/external-editor-3.1.0.tgz",
      "integrity": "sha512-hMQ4CX1p1izmuLYyZqLMO/qGNw10wSv9QDCPfzXfyFrOaCSSoRfqE1Kf1s5an66J5JZC62NewG+mK49jOCtQew==",
      "dependencies": {
        "chardet": "^0.7.0",
        "iconv-lite": "^0.4.24",
        "tmp": "^0.0.33"
      },
      "engines": {
        "node": ">=4"
      }
    },
    "node_modules/graceful-fs": {
      "version": "4.2.11",
      "resolved": "https://registry.npmjs.org/graceful-fs/-/graceful-fs-4.2.11.tgz",
      "integrity": "sha512-RbJ5/jmFcNNCcDV5o9eTnBLJ/HszWV0P73bc+Ff4nS/rJj+YaS6IGyiOL0VoBYX+l1Wrl3k63h/KrH+nhJ0XvQ=="
    },
    "node_modules/iconv-lite": {
      "version": "0.4.24",
      "resolved": "https://registry.npmjs.org/iconv-lite/-/iconv-lite-0.4.24.tgz",
      "integrity": "sha512-v3MXnZAcvnywkTUEZomIActle7RXXeedOR31wwl7VlyoXO4Qi9arvSenNQWne1TcRwhCL1HwLI21bEqdpj8/rA==",
      "dependencies": {
        "safer-buffer": ">= 2.1.2 < 3"
      },
      "engines": {
        "node": ">=0.10.0"
      }
    },
    "node_modules/ini": {
      "version": "5.0.0",
      "resolved": "https://registry.npmjs.org/ini/-/ini-5.0.0.tgz",
      "integrity": "sha512-+N0ngpO3e7cRUWOJAS7qw0IZIVc6XPrW4MlFBdD066F2L4k1L6ker3hLqSq7iXxU5tgS4WGkIUElWn5vogAEnw==",
      "engines": {
        "node": "^18.17.0 || >=20.5.0"
      }
    },
    "node_modules/inquirer": {
      "version": "12.3.0",
      "resolved": "https://registry.npmjs.org/inquirer/-/inquirer-12.3.0.tgz",
      "integrity": "sha512-3NixUXq+hM8ezj2wc7wC37b32/rHq1MwNZDYdvx+d6jokOD+r+i8Q4Pkylh9tISYP114A128LCX8RKhopC5RfQ==",
      "dependencies": {
        "@inquirer/core": "^10.1.2",
        "@inquirer/prompts": "^7.2.1",
        "@inquirer/type": "^3.0.2",
        "ansi-escapes": "^4.3.2",
        "mute-stream": "^2.0.0",
        "run-async": "^3.0.0",
        "rxjs": "^7.8.1"
      },
      "engines": {
        "node": ">=18"
      },
      "peerDependencies": {
        "@types/node": ">=18"
      }
    },
    "node_modules/is-fullwidth-code-point": {
      "version": "3.0.0",
      "resolved": "https://registry.npmjs.org/is-fullwidth-code-point/-/is-fullwidth-code-point-3.0.0.tgz",
      "integrity": "sha512-zymm5+u+sCsSWyD9qNaejV3DFvhCKclKdizYaJUuHA83RLjb7nSuGnddCHGv0hk+KY7BMAlsWeK4Ueg6EV6XQg==",
      "engines": {
        "node": ">=8"
      }
    },
    "node_modules/moment": {
      "version": "2.30.1",
      "resolved": "https://registry.npmjs.org/moment/-/moment-2.30.1.tgz",
      "integrity": "sha512-uEmtNhbDOrWPFS+hdjFCBfy9f2YoyzRpwcl+DqpC6taX21FzsTLQVbMV/W7PzNSX6x/bhC1zA3c2UQ5NzH6how==",
      "engines": {
        "node": "*"
      }
    },
    "node_modules/mustache": {
      "version": "4.2.0",
      "resolved": "https://registry.npmjs.org/mustache/-/mustache-4.2.0.tgz",
      "integrity": "sha512-71ippSywq5Yb7/tVYyGbkBggbU8H3u5Rz56fH60jGFgr8uHwxs+aSKeqmluIVzM0m0kB7xQjKS6qPfd0b2ZoqQ==",
      "bin": {
        "mustache": "bin/mustache"
      }
    },
    "node_modules/mute-stream": {
      "version": "2.0.0",
      "resolved": "https://registry.npmjs.org/mute-stream/-/mute-stream-2.0.0.tgz",
      "integrity": "sha512-WWdIxpyjEn+FhQJQQv9aQAYlHoNVdzIzUySNV1gHUPDSdZJ3yZn7pAAbQcV7B56Mvu881q9FZV+0Vx2xC44VWA==",
      "engines": {
        "node": "^18.17.0 || >=20.5.0"
      }
    },
    "node_modules/os-tmpdir": {
      "version": "1.0.2",
      "resolved": "https://registry.npmjs.org/os-tmpdir/-/os-tmpdir-1.0.2.tgz",
      "integrity": "sha512-D2FR03Vir7FIu45XBY20mTb+/ZSWB00sjU9jdQXt83gDrI4Ztz5Fs7/yy74g2N5SVQY4xY1qDr4rNddwYRVX0g==",
      "engines": {
        "node": ">=0.10.0"
      }
    },
    "node_modules/run-async": {
      "version": "3.0.0",
      "resolved": "https://registry.npmjs.org/run-async/-/run-async-3.0.0.tgz",
      "integrity": "sha512-540WwVDOMxA6dN6We19EcT9sc3hkXPw5mzRNGM3FkdN/vtE9NFvj5lFAPNwUDmJjXidm3v7TC1cTE7t17Ulm1Q==",
      "engines": {
        "node": ">=0.12.0"
      }
    },
    "node_modules/rxjs": {
      "version": "7.8.1",
      "resolved": "https://registry.npmjs.org/rxjs/-/rxjs-7.8.1.tgz",
      "integrity": "sha512-AA3TVj+0A2iuIoQkWEK/tqFjBq2j+6PO6Y0zJcvzLAFhEFIO3HL0vls9hWLncZbAAbK0mar7oZ4V079I/qPMxg==",
      "dependencies": {
        "tslib": "^2.1.0"
      }
    },
    "node_modules/safer-buffer": {
      "version": "2.1.2",
      "resolved": "https://registry.npmjs.org/safer-buffer/-/safer-buffer-2.1.2.tgz",
      "integrity": "sha512-YZo3K82SD7Riyi0E1EQPojLz7kpepnSQI9IyPbHHg1XXXevb5dJI7tpyN2ADxGcQbHG7vcyRHk0cbwqcQriUtg=="
    },
    "node_modules/signal-exit": {
      "version": "4.1.0",
      "resolved": "https://registry.npmjs.org/signal-exit/-/signal-exit-4.1.0.tgz",
      "integrity": "sha512-bzyZ1e88w9O1iNJbKnOlvYTrWPDl46O1bG0D3XInv+9tkPrxrN8jUUTiFlDkkmKWgn1M6CfIA13SuGqOa9Korw==",
      "engines": {
        "node": ">=14"
      },
      "funding": {
        "url": "https://github.com/sponsors/isaacs"
      }
    },
    "node_modules/string-width": {
      "version": "4.2.3",
      "resolved": "https://registry.npmjs.org/string-width/-/string-width-4.2.3.tgz",
      "integrity": "sha512-wKyQRQpjJ0sIp62ErSZdGsjMJWsap5oRNihHhu6G7JVO/9jIB6UyevL+tXuOqrng8j/cxKTWyWUwvSTriiZz/g==",
      "dependencies": {
        "emoji-regex": "^8.0.0",
        "is-fullwidth-code-point": "^3.0.0",
        "strip-ansi": "^6.0.1"
      },
      "engines": {
        "node": ">=8"
      }
    },
    "node_modules/strip-ansi": {
      "version": "6.0.1",
      "resolved": "https://registry.npmjs.org/strip-ansi/-/strip-ansi-6.0.1.tgz",
      "integrity": "sha512-Y38VPSHcqkFrCpFnQ9vuSXmquuv5oXOKpGeT6aGrr3o3Gc9AlVa6JBfUSOCnbxGGZF+/0ooI7KrPuUSztUdU5A==",
      "dependencies": {
        "ansi-regex": "^5.0.1"
      },
      "engines": {
        "node": ">=8"
      }
    },
    "node_modules/stubborn-fs": {
      "version": "1.2.5",
      "resolved": "https://registry.npmjs.org/stubborn-fs/-/stubborn-fs-1.2.5.tgz",
      "integrity": "sha512-H2N9c26eXjzL/S/K+i/RHHcFanE74dptvvjM8iwzwbVcWY/zjBbgRqF3K0DY4+OD+uTTASTBvDoxPDaPN02D7g=="
    },
    "node_modules/tmp": {
      "version": "0.0.33",
      "resolved": "https://registry.npmjs.org/tmp/-/tmp-0.0.33.tgz",
      "integrity": "sha512-jRCJlojKnZ3addtTOjdIqoRuPEKBvNXcGYqzO6zWZX8KfKEpnGY5jfggJQ3EjKuu8D4bJRr0y+cYJFmYbImXGw==",
      "dependencies": {
        "os-tmpdir": "~1.0.2"
      },
      "engines": {
        "node": ">=0.6.0"
      }
    },
    "node_modules/tslib": {
      "version": "2.8.1",
      "resolved": "https://registry.npmjs.org/tslib/-/tslib-2.8.1.tgz",
      "integrity": "sha512-oJFu94HQb+KVduSUQL7wnpmqnfmLsOA/nAh6b6EH0wCEoK0/mPeXU6c3wKDV83MkOuHPRHtSXKKU99IBazS/2w=="
    },
    "node_modules/type-fest": {
      "version": "4.31.0",
      "resolved": "https://registry.npmjs.org/type-fest/-/type-fest-4.31.0.tgz",
      "integrity": "sha512-yCxltHW07Nkhv/1F6wWBr8kz+5BGMfP+RbRSYFnegVb0qV/UMT0G0ElBloPVerqn4M2ZV80Ir1FtCcYv1cT6vQ==",
      "engines": {
        "node": ">=16"
      },
      "funding": {
        "url": "https://github.com/sponsors/sindresorhus"
      }
    },
    "node_modules/underscore": {
      "version": "1.13.7",
      "resolved": "https://registry.npmjs.org/underscore/-/underscore-1.13.7.tgz",
      "integrity": "sha512-GMXzWtsc57XAtguZgaQViUOzs0KTkk8ojr3/xAxXLITqf/3EMwxC0inyETfDFjH/Krbhuep0HNbbjI9i/q3F3g=="
    },
    "node_modules/undici-types": {
      "version": "6.20.0",
      "resolved": "https://registry.npmjs.org/undici-types/-/undici-types-6.20.0.tgz",
      "integrity": "sha512-Ny6QZ2Nju20vw1SRHe3d9jVu6gJ+4e3+MMpqu7pqE5HT6WsTSlce++GQmK5UXS8mzV8DSYHrQH+Xrf2jVcuKNg=="
    },
    "node_modules/when-exit": {
      "version": "2.1.3",
      "resolved": "https://registry.npmjs.org/when-exit/-/when-exit-2.1.3.tgz",
      "integrity": "sha512-uVieSTccFIr/SFQdFWN/fFaQYmV37OKtuaGphMAzi4DmmUlrvRBJW5WSLkHyjNQY/ePJMz3LoiX9R3yy1Su6Hw=="
    },
    "node_modules/wrap-ansi": {
      "version": "6.2.0",
      "resolved": "https://registry.npmjs.org/wrap-ansi/-/wrap-ansi-6.2.0.tgz",
      "integrity": "sha512-r6lPcBGxZXlIcymEu7InxDMhdW0KDxpLgoFLcguasxCaJ/SOIZwINatK9KY/tf+ZrlywOKU0UDj3ATXUBfxJXA==",
      "dependencies": {
        "ansi-styles": "^4.0.0",
        "string-width": "^4.1.0",
        "strip-ansi": "^6.0.0"
      },
      "engines": {
        "node": ">=8"
      }
    },
    "node_modules/xdg-basedir": {
      "version": "5.1.0",
      "resolved": "https://registry.npmjs.org/xdg-basedir/-/xdg-basedir-5.1.0.tgz",
      "integrity": "sha512-GCPAHLvrIH13+c0SuacwvRYj2SxJXQ4kaVTT5xgL3kPrz56XxkF21IGhjSE1+W0aw7gpBWRGXLCPnPby6lSpmQ==",
      "engines": {
        "node": ">=12"
      },
      "funding": {
        "url": "https://github.com/sponsors/sindresorhus"
      }
    },
    "node_modules/yaml": {
      "version": "2.6.1",
      "resolved": "https://registry.npmjs.org/yaml/-/yaml-2.6.1.tgz",
      "integrity": "sha512-7r0XPzioN/Q9kXBro/XPnA6kznR73DHq+GXh5ON7ZozRO6aMjbmiBuKste2wslTFkC5d1dw0GooOCepZXJ2SAg==",
      "bin": {
        "yaml": "bin.mjs"
      },
      "engines": {
        "node": ">= 14"
      }
    },
    "node_modules/yoctocolors-cjs": {
      "version": "2.1.2",
      "resolved": "https://registry.npmjs.org/yoctocolors-cjs/-/yoctocolors-cjs-2.1.2.tgz",
      "integrity": "sha512-cYVsTjKl8b+FrnidjibDWskAv7UKOfcwaVZdp/it9n1s9fU3IkgDbhdIRKCW4JDsAlECJY0ytoVPT3sK6kideA==",
      "engines": {
        "node": ">=18"
      },
      "funding": {
        "url": "https://github.com/sponsors/sindresorhus"
      }
    },
    "node_modules/zx": {
      "version": "8.3.0",
      "resolved": "https://registry.npmjs.org/zx/-/zx-8.3.0.tgz",
      "integrity": "sha512-L8mY3yfJwo3a8ZDD6f9jZzAcRWJZYcV8GauZmBxLB/aSTwaMzMIEVpPp2Kyx+7yF0gdvuxKnMxAZRft9UCawiw==",
      "bin": {
        "zx": "build/cli.js"
      },
      "engines": {
        "node": ">= 12.17.0"
      },
      "optionalDependencies": {
        "@types/fs-extra": ">=11",
        "@types/node": ">=20"
      }
    }
  },
  "dependencies": {
    "@inquirer/checkbox": {
      "version": "4.0.4",
      "resolved": "https://registry.npmjs.org/@inquirer/checkbox/-/checkbox-4.0.4.tgz",
      "integrity": "sha512-fYAKCAcGNMdfjL6hZTRUwkIByQ8EIZCXKrIQZH7XjADnN/xvRUhj8UdBbpC4zoUzvChhkSC/zRKaP/tDs3dZpg==",
      "requires": {
        "@inquirer/core": "^10.1.2",
        "@inquirer/figures": "^1.0.9",
        "@inquirer/type": "^3.0.2",
        "ansi-escapes": "^4.3.2",
        "yoctocolors-cjs": "^2.1.2"
      }
    },
    "@inquirer/confirm": {
      "version": "5.1.1",
      "resolved": "https://registry.npmjs.org/@inquirer/confirm/-/confirm-5.1.1.tgz",
      "integrity": "sha512-vVLSbGci+IKQvDOtzpPTCOiEJCNidHcAq9JYVoWTW0svb5FiwSLotkM+JXNXejfjnzVYV9n0DTBythl9+XgTxg==",
      "requires": {
        "@inquirer/core": "^10.1.2",
        "@inquirer/type": "^3.0.2"
      }
    },
    "@inquirer/core": {
      "version": "10.1.2",
      "resolved": "https://registry.npmjs.org/@inquirer/core/-/core-10.1.2.tgz",
      "integrity": "sha512-bHd96F3ezHg1mf/J0Rb4CV8ndCN0v28kUlrHqP7+ECm1C/A+paB7Xh2lbMk6x+kweQC+rZOxM/YeKikzxco8bQ==",
      "requires": {
        "@inquirer/figures": "^1.0.9",
        "@inquirer/type": "^3.0.2",
        "ansi-escapes": "^4.3.2",
        "cli-width": "^4.1.0",
        "mute-stream": "^2.0.0",
        "signal-exit": "^4.1.0",
        "strip-ansi": "^6.0.1",
        "wrap-ansi": "^6.2.0",
        "yoctocolors-cjs": "^2.1.2"
      }
    },
    "@inquirer/editor": {
      "version": "4.2.1",
      "resolved": "https://registry.npmjs.org/@inquirer/editor/-/editor-4.2.1.tgz",
      "integrity": "sha512-xn9aDaiP6nFa432i68JCaL302FyL6y/6EG97nAtfIPnWZ+mWPgCMLGc4XZ2QQMsZtu9q3Jd5AzBPjXh10aX9kA==",
      "requires": {
        "@inquirer/core": "^10.1.2",
        "@inquirer/type": "^3.0.2",
        "external-editor": "^3.1.0"
      }
    },
    "@inquirer/expand": {
      "version": "4.0.4",
      "resolved": "https://registry.npmjs.org/@inquirer/expand/-/expand-4.0.4.tgz",
      "integrity": "sha512-GYocr+BPyxKPxQ4UZyNMqZFSGKScSUc0Vk17II3J+0bDcgGsQm0KYQNooN1Q5iBfXsy3x/VWmHGh20QnzsaHwg==",
      "requires": {
        "@inquirer/core": "^10.1.2",
        "@inquirer/type": "^3.0.2",
        "yoctocolors-cjs": "^2.1.2"
      }
    },
    "@inquirer/figures": {
      "version": "1.0.9",
      "resolved": "https://registry.npmjs.org/@inquirer/figures/-/figures-1.0.9.tgz",
      "integrity": "sha512-BXvGj0ehzrngHTPTDqUoDT3NXL8U0RxUk2zJm2A66RhCEIWdtU1v6GuUqNAgArW4PQ9CinqIWyHdQgdwOj06zQ=="
    },
    "@inquirer/input": {
      "version": "4.1.1",
      "resolved": "https://registry.npmjs.org/@inquirer/input/-/input-4.1.1.tgz",
      "integrity": "sha512-nAXAHQndZcXB+7CyjIW3XuQZZHbQQ0q8LX6miY6bqAWwDzNa9JUioDBYrFmOUNIsuF08o1WT/m2gbBXvBhYVxg==",
      "requires": {
        "@inquirer/core": "^10.1.2",
        "@inquirer/type": "^3.0.2"
      }
    },
    "@inquirer/number": {
      "version": "3.0.4",
      "resolved": "https://registry.npmjs.org/@inquirer/number/-/number-3.0.4.tgz",
      "integrity": "sha512-DX7a6IXRPU0j8kr2ovf+QaaDiIf+zEKaZVzCWdLOTk7XigqSXvoh4cul7x68xp54WTQrgSnW7P1WBJDbyY3GhA==",
      "requires": {
        "@inquirer/core": "^10.1.2",
        "@inquirer/type": "^3.0.2"
      }
    },
    "@inquirer/password": {
      "version": "4.0.4",
      "resolved": "https://registry.npmjs.org/@inquirer/password/-/password-4.0.4.tgz",
      "integrity": "sha512-wiliQOWdjM8FnBmdIHtQV2Ca3S1+tMBUerhyjkRCv1g+4jSvEweGu9GCcvVEgKDhTBT15nrxvk5/bVrGUqSs1w==",
      "requires": {
        "@inquirer/core": "^10.1.2",
        "@inquirer/type": "^3.0.2",
        "ansi-escapes": "^4.3.2"
      }
    },
    "@inquirer/prompts": {
      "version": "7.2.1",
      "resolved": "https://registry.npmjs.org/@inquirer/prompts/-/prompts-7.2.1.tgz",
      "integrity": "sha512-v2JSGri6/HXSfoGIwuKEn8sNCQK6nsB2BNpy2lSX6QH9bsECrMv93QHnj5+f+1ZWpF/VNioIV2B/PDox8EvGuQ==",
      "requires": {
        "@inquirer/checkbox": "^4.0.4",
        "@inquirer/confirm": "^5.1.1",
        "@inquirer/editor": "^4.2.1",
        "@inquirer/expand": "^4.0.4",
        "@inquirer/input": "^4.1.1",
        "@inquirer/number": "^3.0.4",
        "@inquirer/password": "^4.0.4",
        "@inquirer/rawlist": "^4.0.4",
        "@inquirer/search": "^3.0.4",
        "@inquirer/select": "^4.0.4"
      }
    },
    "@inquirer/rawlist": {
      "version": "4.0.4",
      "resolved": "https://registry.npmjs.org/@inquirer/rawlist/-/rawlist-4.0.4.tgz",
      "integrity": "sha512-IsVN2EZdNHsmFdKWx9HaXb8T/s3FlR/U1QPt9dwbSyPtjFbMTlW9CRFvnn0bm/QIsrMRD2oMZqrQpSWPQVbXXg==",
      "requires": {
        "@inquirer/core": "^10.1.2",
        "@inquirer/type": "^3.0.2",
        "yoctocolors-cjs": "^2.1.2"
      }
    },
    "@inquirer/search": {
      "version": "3.0.4",
      "resolved": "https://registry.npmjs.org/@inquirer/search/-/search-3.0.4.tgz",
      "integrity": "sha512-tSkJk2SDmC2MEdTIjknXWmCnmPr5owTs9/xjfa14ol1Oh95n6xW7SYn5fiPk4/vrJPys0ggSWiISdPze4LTa7A==",
      "requires": {
        "@inquirer/core": "^10.1.2",
        "@inquirer/figures": "^1.0.9",
        "@inquirer/type": "^3.0.2",
        "yoctocolors-cjs": "^2.1.2"
      }
    },
    "@inquirer/select": {
      "version": "4.0.4",
      "resolved": "https://registry.npmjs.org/@inquirer/select/-/select-4.0.4.tgz",
      "integrity": "sha512-ZzYLuLoUzTIW9EJm++jBpRiTshGqS3Q1o5qOEQqgzaBlmdsjQr6pA4TUNkwu6OBYgM2mIRbCz6mUhFDfl/GF+w==",
      "requires": {
        "@inquirer/core": "^10.1.2",
        "@inquirer/figures": "^1.0.9",
        "@inquirer/type": "^3.0.2",
        "ansi-escapes": "^4.3.2",
        "yoctocolors-cjs": "^2.1.2"
      }
    },
    "@inquirer/type": {
      "version": "3.0.2",
      "resolved": "https://registry.npmjs.org/@inquirer/type/-/type-3.0.2.tgz",
      "integrity": "sha512-ZhQ4TvhwHZF+lGhQ2O/rsjo80XoZR5/5qhOY3t6FJuX5XBg5Be8YzYTvaUGJnc12AUGI2nr4QSUE4PhKSigx7g==",
      "requires": {}
    },
    "@types/fs-extra": {
      "version": "11.0.4",
      "resolved": "https://registry.npmjs.org/@types/fs-extra/-/fs-extra-11.0.4.tgz",
      "integrity": "sha512-yTbItCNreRooED33qjunPthRcSjERP1r4MqCZc7wv0u2sUkzTFp45tgUfS5+r7FrZPdmCCNflLhVSP/o+SemsQ==",
      "optional": true,
      "requires": {
        "@types/jsonfile": "*",
        "@types/node": "*"
      }
    },
    "@types/jsonfile": {
      "version": "6.1.4",
      "resolved": "https://registry.npmjs.org/@types/jsonfile/-/jsonfile-6.1.4.tgz",
      "integrity": "sha512-D5qGUYwjvnNNextdU59/+fI+spnwtTFmyQP0h+PfIOSkNfpU6AOICUOkm4i0OnSk+NyjdPJrxCDro0sJsWlRpQ==",
      "optional": true,
      "requires": {
        "@types/node": "*"
      }
    },
    "@types/node": {
      "version": "22.10.2",
      "resolved": "https://registry.npmjs.org/@types/node/-/node-22.10.2.tgz",
      "integrity": "sha512-Xxr6BBRCAOQixvonOye19wnzyDiUtTeqldOOmj3CkeblonbccA12PFwlufvRdrpjXxqnmUaeiU5EOA+7s5diUQ==",
      "requires": {
        "undici-types": "~6.20.0"
      }
    },
    "ansi-escapes": {
      "version": "4.3.2",
      "resolved": "https://registry.npmjs.org/ansi-escapes/-/ansi-escapes-4.3.2.tgz",
      "integrity": "sha512-gKXj5ALrKWQLsYG9jlTRmR/xKluxHV+Z9QEwNIgCfM1/uwPMCuzVVnh5mwTd+OuBZcwSIMbqssNWRm1lE51QaQ==",
      "requires": {
        "type-fest": "^0.21.3"
      },
      "dependencies": {
        "type-fest": {
          "version": "0.21.3",
          "resolved": "https://registry.npmjs.org/type-fest/-/type-fest-0.21.3.tgz",
          "integrity": "sha512-t0rzBq87m3fVcduHDUFhKmyyX+9eo6WQjZvf51Ea/M0Q7+T374Jp1aUiyUl0GKxp8M/OETVHSDvmkyPgvX+X2w=="
        }
      }
    },
    "ansi-regex": {
      "version": "5.0.1",
      "resolved": "https://registry.npmjs.org/ansi-regex/-/ansi-regex-5.0.1.tgz",
      "integrity": "sha512-quJQXlTSUGL2LH9SUXo8VwsY4soanhgo6LNSm84E1LBcE8s3O0wpdiRzyR9z/ZZJMlMWv37qOOb9pdJlMUEKFQ=="
    },
    "ansi-styles": {
      "version": "4.3.0",
      "resolved": "https://registry.npmjs.org/ansi-styles/-/ansi-styles-4.3.0.tgz",
      "integrity": "sha512-zbB9rCJAT1rbjiVDb2hqKFHNYLxgtk8NURxZ3IZwD3F6NtxbXZQCnnSi1Lkx+IDohdPlFp222wVALIheZJQSEg==",
      "requires": {
        "color-convert": "^2.0.1"
      }
    },
    "atomically": {
      "version": "2.0.3",
      "resolved": "https://registry.npmjs.org/atomically/-/atomically-2.0.3.tgz",
      "integrity": "sha512-kU6FmrwZ3Lx7/7y3hPS5QnbJfaohcIul5fGqf7ok+4KklIEk9tJ0C2IQPdacSbVUWv6zVHXEBWoWd6NrVMT7Cw==",
      "requires": {
        "stubborn-fs": "^1.2.5",
        "when-exit": "^2.1.1"
      }
    },
    "chardet": {
      "version": "0.7.0",
      "resolved": "https://registry.npmjs.org/chardet/-/chardet-0.7.0.tgz",
      "integrity": "sha512-mT8iDcrh03qDGRRmoA2hmBJnxpllMR+0/0qlzjqZES6NdiWDcZkCNAk4rPFZ9Q85r27unkiNNg8ZOiwZXBHwcA=="
    },
    "clear": {
      "version": "0.1.0",
      "resolved": "https://registry.npmjs.org/clear/-/clear-0.1.0.tgz",
      "integrity": "sha512-qMjRnoL+JDPJHeLePZJuao6+8orzHMGP04A8CdwCNsKhRbOnKRjefxONR7bwILT3MHecxKBjHkKL/tkZ8r4Uzw=="
    },
    "cli-width": {
      "version": "4.1.0",
      "resolved": "https://registry.npmjs.org/cli-width/-/cli-width-4.1.0.tgz",
      "integrity": "sha512-ouuZd4/dm2Sw5Gmqy6bGyNNNe1qt9RpmxveLSO7KcgsTnU7RXfsw+/bukWGo1abgBiMAic068rclZsO4IWmmxQ=="
    },
    "color-convert": {
      "version": "2.0.1",
      "resolved": "https://registry.npmjs.org/color-convert/-/color-convert-2.0.1.tgz",
      "integrity": "sha512-RRECPsj7iu/xb5oKYcsFHSppFNnsj/52OVTRKb4zP5onXwVF3zVmmToNcOfGC+CRDpfK/U584fMg38ZHCaElKQ==",
      "requires": {
        "color-name": "~1.1.4"
      }
    },
    "color-name": {
      "version": "1.1.4",
      "resolved": "https://registry.npmjs.org/color-name/-/color-name-1.1.4.tgz",
      "integrity": "sha512-dOy+3AuW3a2wNbZHIuMZpTcgjGuLU/uBL/ubcZF9OXbDo8ff4O8yVp5Bf0efS8uEoYo5q4Fx7dY9OgQGXgAsQA=="
    },
    "configstore": {
      "version": "7.0.0",
      "resolved": "https://registry.npmjs.org/configstore/-/configstore-7.0.0.tgz",
      "integrity": "sha512-yk7/5PN5im4qwz0WFZW3PXnzHgPu9mX29Y8uZ3aefe2lBPC1FYttWZRcaW9fKkT0pBCJyuQ2HfbmPVaODi9jcQ==",
      "requires": {
        "atomically": "^2.0.3",
        "dot-prop": "^9.0.0",
        "graceful-fs": "^4.2.11",
        "xdg-basedir": "^5.1.0"
      }
    },
    "dot-prop": {
      "version": "9.0.0",
      "resolved": "https://registry.npmjs.org/dot-prop/-/dot-prop-9.0.0.tgz",
      "integrity": "sha512-1gxPBJpI/pcjQhKgIU91II6Wkay+dLcN3M6rf2uwP8hRur3HtQXjVrdAK3sjC0piaEuxzMwjXChcETiJl47lAQ==",
      "requires": {
        "type-fest": "^4.18.2"
      }
    },
    "emoji-regex": {
      "version": "8.0.0",
      "resolved": "https://registry.npmjs.org/emoji-regex/-/emoji-regex-8.0.0.tgz",
      "integrity": "sha512-MSjYzcWNOA0ewAHpz0MxpYFvwg6yjy1NG3xteoqz644VCo/RPgnr1/GGt+ic3iJTzQ8Eu3TdM14SawnVUmGE6A=="
    },
    "external-editor": {
      "version": "3.1.0",
      "resolved": "https://registry.npmjs.org/external-editor/-/external-editor-3.1.0.tgz",
      "integrity": "sha512-hMQ4CX1p1izmuLYyZqLMO/qGNw10wSv9QDCPfzXfyFrOaCSSoRfqE1Kf1s5an66J5JZC62NewG+mK49jOCtQew==",
      "requires": {
        "chardet": "^0.7.0",
        "iconv-lite": "^0.4.24",
        "tmp": "^0.0.33"
      }
    },
    "graceful-fs": {
      "version": "4.2.11",
      "resolved": "https://registry.npmjs.org/graceful-fs/-/graceful-fs-4.2.11.tgz",
      "integrity": "sha512-RbJ5/jmFcNNCcDV5o9eTnBLJ/HszWV0P73bc+Ff4nS/rJj+YaS6IGyiOL0VoBYX+l1Wrl3k63h/KrH+nhJ0XvQ=="
    },
    "iconv-lite": {
      "version": "0.4.24",
      "resolved": "https://registry.npmjs.org/iconv-lite/-/iconv-lite-0.4.24.tgz",
      "integrity": "sha512-v3MXnZAcvnywkTUEZomIActle7RXXeedOR31wwl7VlyoXO4Qi9arvSenNQWne1TcRwhCL1HwLI21bEqdpj8/rA==",
      "requires": {
        "safer-buffer": ">= 2.1.2 < 3"
      }
    },
    "ini": {
      "version": "5.0.0",
      "resolved": "https://registry.npmjs.org/ini/-/ini-5.0.0.tgz",
      "integrity": "sha512-+N0ngpO3e7cRUWOJAS7qw0IZIVc6XPrW4MlFBdD066F2L4k1L6ker3hLqSq7iXxU5tgS4WGkIUElWn5vogAEnw=="
    },
    "inquirer": {
      "version": "12.3.0",
      "resolved": "https://registry.npmjs.org/inquirer/-/inquirer-12.3.0.tgz",
      "integrity": "sha512-3NixUXq+hM8ezj2wc7wC37b32/rHq1MwNZDYdvx+d6jokOD+r+i8Q4Pkylh9tISYP114A128LCX8RKhopC5RfQ==",
      "requires": {
        "@inquirer/core": "^10.1.2",
        "@inquirer/prompts": "^7.2.1",
        "@inquirer/type": "^3.0.2",
        "ansi-escapes": "^4.3.2",
        "mute-stream": "^2.0.0",
        "run-async": "^3.0.0",
        "rxjs": "^7.8.1"
      }
    },
    "is-fullwidth-code-point": {
      "version": "3.0.0",
      "resolved": "https://registry.npmjs.org/is-fullwidth-code-point/-/is-fullwidth-code-point-3.0.0.tgz",
      "integrity": "sha512-zymm5+u+sCsSWyD9qNaejV3DFvhCKclKdizYaJUuHA83RLjb7nSuGnddCHGv0hk+KY7BMAlsWeK4Ueg6EV6XQg=="
    },
    "moment": {
      "version": "2.30.1",
      "resolved": "https://registry.npmjs.org/moment/-/moment-2.30.1.tgz",
      "integrity": "sha512-uEmtNhbDOrWPFS+hdjFCBfy9f2YoyzRpwcl+DqpC6taX21FzsTLQVbMV/W7PzNSX6x/bhC1zA3c2UQ5NzH6how=="
    },
    "mustache": {
      "version": "4.2.0",
      "resolved": "https://registry.npmjs.org/mustache/-/mustache-4.2.0.tgz",
      "integrity": "sha512-71ippSywq5Yb7/tVYyGbkBggbU8H3u5Rz56fH60jGFgr8uHwxs+aSKeqmluIVzM0m0kB7xQjKS6qPfd0b2ZoqQ=="
    },
    "mute-stream": {
      "version": "2.0.0",
      "resolved": "https://registry.npmjs.org/mute-stream/-/mute-stream-2.0.0.tgz",
      "integrity": "sha512-WWdIxpyjEn+FhQJQQv9aQAYlHoNVdzIzUySNV1gHUPDSdZJ3yZn7pAAbQcV7B56Mvu881q9FZV+0Vx2xC44VWA=="
    },
    "os-tmpdir": {
      "version": "1.0.2",
      "resolved": "https://registry.npmjs.org/os-tmpdir/-/os-tmpdir-1.0.2.tgz",
      "integrity": "sha512-D2FR03Vir7FIu45XBY20mTb+/ZSWB00sjU9jdQXt83gDrI4Ztz5Fs7/yy74g2N5SVQY4xY1qDr4rNddwYRVX0g=="
    },
    "run-async": {
      "version": "3.0.0",
      "resolved": "https://registry.npmjs.org/run-async/-/run-async-3.0.0.tgz",
      "integrity": "sha512-540WwVDOMxA6dN6We19EcT9sc3hkXPw5mzRNGM3FkdN/vtE9NFvj5lFAPNwUDmJjXidm3v7TC1cTE7t17Ulm1Q=="
    },
    "rxjs": {
      "version": "7.8.1",
      "resolved": "https://registry.npmjs.org/rxjs/-/rxjs-7.8.1.tgz",
      "integrity": "sha512-AA3TVj+0A2iuIoQkWEK/tqFjBq2j+6PO6Y0zJcvzLAFhEFIO3HL0vls9hWLncZbAAbK0mar7oZ4V079I/qPMxg==",
      "requires": {
        "tslib": "^2.1.0"
      }
    },
    "safer-buffer": {
      "version": "2.1.2",
      "resolved": "https://registry.npmjs.org/safer-buffer/-/safer-buffer-2.1.2.tgz",
      "integrity": "sha512-YZo3K82SD7Riyi0E1EQPojLz7kpepnSQI9IyPbHHg1XXXevb5dJI7tpyN2ADxGcQbHG7vcyRHk0cbwqcQriUtg=="
    },
    "signal-exit": {
      "version": "4.1.0",
      "resolved": "https://registry.npmjs.org/signal-exit/-/signal-exit-4.1.0.tgz",
      "integrity": "sha512-bzyZ1e88w9O1iNJbKnOlvYTrWPDl46O1bG0D3XInv+9tkPrxrN8jUUTiFlDkkmKWgn1M6CfIA13SuGqOa9Korw=="
    },
    "string-width": {
      "version": "4.2.3",
      "resolved": "https://registry.npmjs.org/string-width/-/string-width-4.2.3.tgz",
      "integrity": "sha512-wKyQRQpjJ0sIp62ErSZdGsjMJWsap5oRNihHhu6G7JVO/9jIB6UyevL+tXuOqrng8j/cxKTWyWUwvSTriiZz/g==",
      "requires": {
        "emoji-regex": "^8.0.0",
        "is-fullwidth-code-point": "^3.0.0",
        "strip-ansi": "^6.0.1"
      }
    },
    "strip-ansi": {
      "version": "6.0.1",
      "resolved": "https://registry.npmjs.org/strip-ansi/-/strip-ansi-6.0.1.tgz",
      "integrity": "sha512-Y38VPSHcqkFrCpFnQ9vuSXmquuv5oXOKpGeT6aGrr3o3Gc9AlVa6JBfUSOCnbxGGZF+/0ooI7KrPuUSztUdU5A==",
      "requires": {
        "ansi-regex": "^5.0.1"
      }
    },
    "stubborn-fs": {
      "version": "1.2.5",
      "resolved": "https://registry.npmjs.org/stubborn-fs/-/stubborn-fs-1.2.5.tgz",
      "integrity": "sha512-H2N9c26eXjzL/S/K+i/RHHcFanE74dptvvjM8iwzwbVcWY/zjBbgRqF3K0DY4+OD+uTTASTBvDoxPDaPN02D7g=="
    },
    "tmp": {
      "version": "0.0.33",
      "resolved": "https://registry.npmjs.org/tmp/-/tmp-0.0.33.tgz",
      "integrity": "sha512-jRCJlojKnZ3addtTOjdIqoRuPEKBvNXcGYqzO6zWZX8KfKEpnGY5jfggJQ3EjKuu8D4bJRr0y+cYJFmYbImXGw==",
      "requires": {
        "os-tmpdir": "~1.0.2"
      }
    },
    "tslib": {
      "version": "2.8.1",
      "resolved": "https://registry.npmjs.org/tslib/-/tslib-2.8.1.tgz",
      "integrity": "sha512-oJFu94HQb+KVduSUQL7wnpmqnfmLsOA/nAh6b6EH0wCEoK0/mPeXU6c3wKDV83MkOuHPRHtSXKKU99IBazS/2w=="
    },
    "type-fest": {
      "version": "4.31.0",
      "resolved": "https://registry.npmjs.org/type-fest/-/type-fest-4.31.0.tgz",
      "integrity": "sha512-yCxltHW07Nkhv/1F6wWBr8kz+5BGMfP+RbRSYFnegVb0qV/UMT0G0ElBloPVerqn4M2ZV80Ir1FtCcYv1cT6vQ=="
    },
    "underscore": {
      "version": "1.13.7",
      "resolved": "https://registry.npmjs.org/underscore/-/underscore-1.13.7.tgz",
      "integrity": "sha512-GMXzWtsc57XAtguZgaQViUOzs0KTkk8ojr3/xAxXLITqf/3EMwxC0inyETfDFjH/Krbhuep0HNbbjI9i/q3F3g=="
    },
    "undici-types": {
      "version": "6.20.0",
      "resolved": "https://registry.npmjs.org/undici-types/-/undici-types-6.20.0.tgz",
      "integrity": "sha512-Ny6QZ2Nju20vw1SRHe3d9jVu6gJ+4e3+MMpqu7pqE5HT6WsTSlce++GQmK5UXS8mzV8DSYHrQH+Xrf2jVcuKNg=="
    },
    "when-exit": {
      "version": "2.1.3",
      "resolved": "https://registry.npmjs.org/when-exit/-/when-exit-2.1.3.tgz",
      "integrity": "sha512-uVieSTccFIr/SFQdFWN/fFaQYmV37OKtuaGphMAzi4DmmUlrvRBJW5WSLkHyjNQY/ePJMz3LoiX9R3yy1Su6Hw=="
    },
    "wrap-ansi": {
      "version": "6.2.0",
      "resolved": "https://registry.npmjs.org/wrap-ansi/-/wrap-ansi-6.2.0.tgz",
      "integrity": "sha512-r6lPcBGxZXlIcymEu7InxDMhdW0KDxpLgoFLcguasxCaJ/SOIZwINatK9KY/tf+ZrlywOKU0UDj3ATXUBfxJXA==",
      "requires": {
        "ansi-styles": "^4.0.0",
        "string-width": "^4.1.0",
        "strip-ansi": "^6.0.0"
      }
    },
    "xdg-basedir": {
      "version": "5.1.0",
      "resolved": "https://registry.npmjs.org/xdg-basedir/-/xdg-basedir-5.1.0.tgz",
      "integrity": "sha512-GCPAHLvrIH13+c0SuacwvRYj2SxJXQ4kaVTT5xgL3kPrz56XxkF21IGhjSE1+W0aw7gpBWRGXLCPnPby6lSpmQ=="
    },
    "yaml": {
      "version": "2.6.1",
      "resolved": "https://registry.npmjs.org/yaml/-/yaml-2.6.1.tgz",
      "integrity": "sha512-7r0XPzioN/Q9kXBro/XPnA6kznR73DHq+GXh5ON7ZozRO6aMjbmiBuKste2wslTFkC5d1dw0GooOCepZXJ2SAg=="
    },
    "yoctocolors-cjs": {
      "version": "2.1.2",
      "resolved": "https://registry.npmjs.org/yoctocolors-cjs/-/yoctocolors-cjs-2.1.2.tgz",
      "integrity": "sha512-cYVsTjKl8b+FrnidjibDWskAv7UKOfcwaVZdp/it9n1s9fU3IkgDbhdIRKCW4JDsAlECJY0ytoVPT3sK6kideA=="
    },
    "zx": {
      "version": "8.3.0",
      "resolved": "https://registry.npmjs.org/zx/-/zx-8.3.0.tgz",
      "integrity": "sha512-L8mY3yfJwo3a8ZDD6f9jZzAcRWJZYcV8GauZmBxLB/aSTwaMzMIEVpPp2Kyx+7yF0gdvuxKnMxAZRft9UCawiw==",
      "requires": {
        "@types/fs-extra": ">=11",
        "@types/node": ">=20"
      }
    }
  }
}
